// !$*UTF8*$!
{
	archiveVersion = 1;
	classes = {
	};
	objectVersion = 77;
	objects = {

/* Begin PBXBuildFile section */
		D859CA9A2D53D4D4007A2FFC /* ObjectivePGP in Frameworks */ = {isa = PBXBuildFile; productRef = D859CA992D53D4D4007A2FFC /* ObjectivePGP */; };
		D8D904412D4C50C500BD6368 /* Auth in Frameworks */ = {isa = PBXBuildFile; productRef = D8D904402D4C50C400BD6368 /* Auth */; };
		D8D904432D4C50C500BD6368 /* Functions in Frameworks */ = {isa = PBXBuildFile; productRef = D8D904422D4C50C500BD6368 /* Functions */; };
		D8D904452D4C50C500BD6368 /* PostgREST in Frameworks */ = {isa = PBXBuildFile; productRef = D8D904442D4C50C500BD6368 /* PostgREST */; };
		D8D904472D4C50C500BD6368 /* Realtime in Frameworks */ = {isa = PBXBuildFile; productRef = D8D904462D4C50C500BD6368 /* Realtime */; };
		D8D904492D4C50C500BD6368 /* Storage in Frameworks */ = {isa = PBXBuildFile; productRef = D8D904482D4C50C500BD6368 /* Storage */; };
		D8D9044B2D4C51F700BD6368 /* Supabase in Frameworks */ = {isa = PBXBuildFile; productRef = D8D9044A2D4C51F700BD6368 /* Supabase */; };
/* End PBXBuildFile section */

/* Begin PBXContainerItemProxy section */
		D8D9041D2D4C47BE00BD6368 /* PBXContainerItemProxy */ = {
			isa = PBXContainerItemProxy;
			containerPortal = D8D904042D4C47BD00BD6368 /* Project object */;
			proxyType = 1;
			remoteGlobalIDString = D8D9040B2D4C47BD00BD6368;
			remoteInfo = ZeroInteret0.1;
		};
		D8D904272D4C47BE00BD6368 /* PBXContainerItemProxy */ = {
			isa = PBXContainerItemProxy;
			containerPortal = D8D904042D4C47BD00BD6368 /* Project object */;
			proxyType = 1;
			remoteGlobalIDString = D8D9040B2D4C47BD00BD6368;
			remoteInfo = ZeroInteret0.1;
		};
/* End PBXContainerItemProxy section */

/* Begin PBXFileReference section */
		D8D9040C2D4C47BD00BD6368 /* ZeroInteret0.1.app */ = {isa = PBXFileReference; explicitFileType = wrapper.application; includeInIndex = 0; path = ZeroInteret0.1.app; sourceTree = BUILT_PRODUCTS_DIR; };
		D8D9041C2D4C47BE00BD6368 /* ZeroInteret0.1Tests.xctest */ = {isa = PBXFileReference; explicitFileType = wrapper.cfbundle; includeInIndex = 0; path = ZeroInteret0.1Tests.xctest; sourceTree = BUILT_PRODUCTS_DIR; };
		D8D904262D4C47BE00BD6368 /* ZeroInteret0.1UITests.xctest */ = {isa = PBXFileReference; explicitFileType = wrapper.cfbundle; includeInIndex = 0; path = ZeroInteret0.1UITests.xctest; sourceTree = BUILT_PRODUCTS_DIR; };
/* End PBXFileReference section */

/* Begin PBXFileSystemSynchronizedRootGroup section */
		D8D9040E2D4C47BD00BD6368 /* ZeroInteret0.1 */ = {
			isa = PBXFileSystemSynchronizedRootGroup;
			path = ZeroInteret0.1;
			sourceTree = "<group>";
		};
		D8D9041F2D4C47BE00BD6368 /* ZeroInteret0.1Tests */ = {
			isa = PBXFileSystemSynchronizedRootGroup;
			path = ZeroInteret0.1Tests;
			sourceTree = "<group>";
		};
		D8D904292D4C47BE00BD6368 /* ZeroInteret0.1UITests */ = {
			isa = PBXFileSystemSynchronizedRootGroup;
			path = ZeroInteret0.1UITests;
			sourceTree = "<group>";
		};
		D8D9043E2D4C4F0200BD6368 /* API */ = {
			isa = PBXFileSystemSynchronizedRootGroup;
			path = API;
			sourceTree = "<group>";
		};
		D8D9044C2D4C597E00BD6368 /* Views */ = {
			isa = PBXFileSystemSynchronizedRootGroup;
			path = Views;
			sourceTree = "<group>";
		};
		D8D904572D4C669100BD6368 /* Models */ = {
			isa = PBXFileSystemSynchronizedRootGroup;
			path = Models;
			sourceTree = "<group>";
		};
/* End PBXFileSystemSynchronizedRootGroup section */

/* Begin PBXFrameworksBuildPhase section */
		D8D904092D4C47BD00BD6368 /* Frameworks */ = {
			isa = PBXFrameworksBuildPhase;
			buildActionMask = 2147483647;
			files = (
				D8D904452D4C50C500BD6368 /* PostgREST in Frameworks */,
				D859CA9A2D53D4D4007A2FFC /* ObjectivePGP in Frameworks */,
				D8D904432D4C50C500BD6368 /* Functions in Frameworks */,
				D8D9044B2D4C51F700BD6368 /* Supabase in Frameworks */,
				D8D904412D4C50C500BD6368 /* Auth in Frameworks */,
				D8D904492D4C50C500BD6368 /* Storage in Frameworks */,
				D8D904472D4C50C500BD6368 /* Realtime in Frameworks */,
			);
			runOnlyForDeploymentPostprocessing = 0;
		};
		D8D904192D4C47BE00BD6368 /* Frameworks */ = {
			isa = PBXFrameworksBuildPhase;
			buildActionMask = 2147483647;
			files = (
			);
			runOnlyForDeploymentPostprocessing = 0;
		};
		D8D904232D4C47BE00BD6368 /* Frameworks */ = {
			isa = PBXFrameworksBuildPhase;
			buildActionMask = 2147483647;
			files = (
			);
			runOnlyForDeploymentPostprocessing = 0;
		};
/* End PBXFrameworksBuildPhase section */

/* Begin PBXGroup section */
		D8D904032D4C47BD00BD6368 = {
			isa = PBXGroup;
			children = (
				D8D9043E2D4C4F0200BD6368 /* API */,
				D8D904572D4C669100BD6368 /* Models */,
				D8D9044C2D4C597E00BD6368 /* Views */,
				D8D9040E2D4C47BD00BD6368 /* ZeroInteret0.1 */,
				D8D9041F2D4C47BE00BD6368 /* ZeroInteret0.1Tests */,
				D8D904292D4C47BE00BD6368 /* ZeroInteret0.1UITests */,
				D8D9040D2D4C47BD00BD6368 /* Products */,
			);
			sourceTree = "<group>";
		};
		D8D9040D2D4C47BD00BD6368 /* Products */ = {
			isa = PBXGroup;
			children = (
				D8D9040C2D4C47BD00BD6368 /* ZeroInteret0.1.app */,
				D8D9041C2D4C47BE00BD6368 /* ZeroInteret0.1Tests.xctest */,
				D8D904262D4C47BE00BD6368 /* ZeroInteret0.1UITests.xctest */,
			);
			name = Products;
			sourceTree = "<group>";
		};
/* End PBXGroup section */

/* Begin PBXNativeTarget section */
		D8D9040B2D4C47BD00BD6368 /* ZeroInteret0.1 */ = {
			isa = PBXNativeTarget;
			buildConfigurationList = D8D904302D4C47BE00BD6368 /* Build configuration list for PBXNativeTarget "ZeroInteret0.1" */;
			buildPhases = (
				D8D904082D4C47BD00BD6368 /* Sources */,
				D8D904092D4C47BD00BD6368 /* Frameworks */,
				D8D9040A2D4C47BD00BD6368 /* Resources */,
			);
			buildRules = (
			);
			dependencies = (
			);
			fileSystemSynchronizedGroups = (
				D8D9040E2D4C47BD00BD6368 /* ZeroInteret0.1 */,
				D8D9043E2D4C4F0200BD6368 /* API */,
				D8D9044C2D4C597E00BD6368 /* Views */,
				D8D904572D4C669100BD6368 /* Models */,
			);
			name = ZeroInteret0.1;
			packageProductDependencies = (
				D8D904402D4C50C400BD6368 /* Auth */,
				D8D904422D4C50C500BD6368 /* Functions */,
				D8D904442D4C50C500BD6368 /* PostgREST */,
				D8D904462D4C50C500BD6368 /* Realtime */,
				D8D904482D4C50C500BD6368 /* Storage */,
				D8D9044A2D4C51F700BD6368 /* Supabase */,
				D859CA992D53D4D4007A2FFC /* ObjectivePGP */,
			);
			productName = ZeroInteret0.1;
			productReference = D8D9040C2D4C47BD00BD6368 /* ZeroInteret0.1.app */;
			productType = "com.apple.product-type.application";
		};
		D8D9041B2D4C47BE00BD6368 /* ZeroInteret0.1Tests */ = {
			isa = PBXNativeTarget;
			buildConfigurationList = D8D904332D4C47BE00BD6368 /* Build configuration list for PBXNativeTarget "ZeroInteret0.1Tests" */;
			buildPhases = (
				D8D904182D4C47BE00BD6368 /* Sources */,
				D8D904192D4C47BE00BD6368 /* Frameworks */,
				D8D9041A2D4C47BE00BD6368 /* Resources */,
			);
			buildRules = (
			);
			dependencies = (
				D8D9041E2D4C47BE00BD6368 /* PBXTargetDependency */,
			);
			fileSystemSynchronizedGroups = (
				D8D9041F2D4C47BE00BD6368 /* ZeroInteret0.1Tests */,
			);
			name = ZeroInteret0.1Tests;
			packageProductDependencies = (
			);
			productName = ZeroInteret0.1Tests;
			productReference = D8D9041C2D4C47BE00BD6368 /* ZeroInteret0.1Tests.xctest */;
			productType = "com.apple.product-type.bundle.unit-test";
		};
		D8D904252D4C47BE00BD6368 /* ZeroInteret0.1UITests */ = {
			isa = PBXNativeTarget;
			buildConfigurationList = D8D904362D4C47BE00BD6368 /* Build configuration list for PBXNativeTarget "ZeroInteret0.1UITests" */;
			buildPhases = (
				D8D904222D4C47BE00BD6368 /* Sources */,
				D8D904232D4C47BE00BD6368 /* Frameworks */,
				D8D904242D4C47BE00BD6368 /* Resources */,
			);
			buildRules = (
			);
			dependencies = (
				D8D904282D4C47BE00BD6368 /* PBXTargetDependency */,
			);
			fileSystemSynchronizedGroups = (
				D8D904292D4C47BE00BD6368 /* ZeroInteret0.1UITests */,
			);
			name = ZeroInteret0.1UITests;
			packageProductDependencies = (
			);
			productName = ZeroInteret0.1UITests;
			productReference = D8D904262D4C47BE00BD6368 /* ZeroInteret0.1UITests.xctest */;
			productType = "com.apple.product-type.bundle.ui-testing";
		};
/* End PBXNativeTarget section */

/* Begin PBXProject section */
		D8D904042D4C47BD00BD6368 /* Project object */ = {
			isa = PBXProject;
			attributes = {
				BuildIndependentTargetsInParallel = 1;
				LastSwiftUpdateCheck = 1620;
				LastUpgradeCheck = 1620;
				TargetAttributes = {
					D8D9040B2D4C47BD00BD6368 = {
						CreatedOnToolsVersion = 16.2;
					};
					D8D9041B2D4C47BE00BD6368 = {
						CreatedOnToolsVersion = 16.2;
						TestTargetID = D8D9040B2D4C47BD00BD6368;
					};
					D8D904252D4C47BE00BD6368 = {
						CreatedOnToolsVersion = 16.2;
						TestTargetID = D8D9040B2D4C47BD00BD6368;
					};
				};
			};
			buildConfigurationList = D8D904072D4C47BD00BD6368 /* Build configuration list for PBXProject "ZeroInteret0.1" */;
			developmentRegion = en;
			hasScannedForEncodings = 0;
			knownRegions = (
				en,
				Base,
			);
			mainGroup = D8D904032D4C47BD00BD6368;
			minimizedProjectReferenceProxies = 1;
			packageReferences = (
				D8D9043F2D4C50C400BD6368 /* XCRemoteSwiftPackageReference "supabase-swift" */,
				D859CA982D53D4D4007A2FFC /* XCRemoteSwiftPackageReference "ObjectivePGP" */,
			);
			preferredProjectObjectVersion = 77;
			productRefGroup = D8D9040D2D4C47BD00BD6368 /* Products */;
			projectDirPath = "";
			projectRoot = "";
			targets = (
				D8D9040B2D4C47BD00BD6368 /* ZeroInteret0.1 */,
				D8D9041B2D4C47BE00BD6368 /* ZeroInteret0.1Tests */,
				D8D904252D4C47BE00BD6368 /* ZeroInteret0.1UITests */,
			);
		};
/* End PBXProject section */

/* Begin PBXResourcesBuildPhase section */
		D8D9040A2D4C47BD00BD6368 /* Resources */ = {
			isa = PBXResourcesBuildPhase;
			buildActionMask = 2147483647;
			files = (
			);
			runOnlyForDeploymentPostprocessing = 0;
		};
		D8D9041A2D4C47BE00BD6368 /* Resources */ = {
			isa = PBXResourcesBuildPhase;
			buildActionMask = 2147483647;
			files = (
			);
			runOnlyForDeploymentPostprocessing = 0;
		};
		D8D904242D4C47BE00BD6368 /* Resources */ = {
			isa = PBXResourcesBuildPhase;
			buildActionMask = 2147483647;
			files = (
			);
			runOnlyForDeploymentPostprocessing = 0;
		};
/* End PBXResourcesBuildPhase section */

/* Begin PBXSourcesBuildPhase section */
		D8D904082D4C47BD00BD6368 /* Sources */ = {
			isa = PBXSourcesBuildPhase;
			buildActionMask = 2147483647;
			files = (
			);
			runOnlyForDeploymentPostprocessing = 0;
		};
		D8D904182D4C47BE00BD6368 /* Sources */ = {
			isa = PBXSourcesBuildPhase;
			buildActionMask = 2147483647;
			files = (
			);
			runOnlyForDeploymentPostprocessing = 0;
		};
		D8D904222D4C47BE00BD6368 /* Sources */ = {
			isa = PBXSourcesBuildPhase;
			buildActionMask = 2147483647;
			files = (
			);
			runOnlyForDeploymentPostprocessing = 0;
		};
/* End PBXSourcesBuildPhase section */

/* Begin PBXTargetDependency section */
		D8D9041E2D4C47BE00BD6368 /* PBXTargetDependency */ = {
			isa = PBXTargetDependency;
			target = D8D9040B2D4C47BD00BD6368 /* ZeroInteret0.1 */;
			targetProxy = D8D9041D2D4C47BE00BD6368 /* PBXContainerItemProxy */;
		};
		D8D904282D4C47BE00BD6368 /* PBXTargetDependency */ = {
			isa = PBXTargetDependency;
			target = D8D9040B2D4C47BD00BD6368 /* ZeroInteret0.1 */;
			targetProxy = D8D904272D4C47BE00BD6368 /* PBXContainerItemProxy */;
		};
/* End PBXTargetDependency section */

/* Begin XCBuildConfiguration section */
		D8D9042E2D4C47BE00BD6368 /* Debug */ = {
			isa = XCBuildConfiguration;
			buildSettings = {
				ALWAYS_SEARCH_USER_PATHS = NO;
				ASSETCATALOG_COMPILER_GENERATE_SWIFT_ASSET_SYMBOL_EXTENSIONS = YES;
				CLANG_ANALYZER_NONNULL = YES;
				CLANG_ANALYZER_NUMBER_OBJECT_CONVERSION = YES_AGGRESSIVE;
				CLANG_CXX_LANGUAGE_STANDARD = "gnu++20";
				CLANG_ENABLE_MODULES = YES;
				CLANG_ENABLE_OBJC_ARC = YES;
				CLANG_ENABLE_OBJC_WEAK = YES;
				CLANG_WARN_BLOCK_CAPTURE_AUTORELEASING = YES;
				CLANG_WARN_BOOL_CONVERSION = YES;
				CLANG_WARN_COMMA = YES;
				CLANG_WARN_CONSTANT_CONVERSION = YES;
				CLANG_WARN_DEPRECATED_OBJC_IMPLEMENTATIONS = YES;
				CLANG_WARN_DIRECT_OBJC_ISA_USAGE = YES_ERROR;
				CLANG_WARN_DOCUMENTATION_COMMENTS = YES;
				CLANG_WARN_EMPTY_BODY = YES;
				CLANG_WARN_ENUM_CONVERSION = YES;
				CLANG_WARN_INFINITE_RECURSION = YES;
				CLANG_WARN_INT_CONVERSION = YES;
				CLANG_WARN_NON_LITERAL_NULL_CONVERSION = YES;
				CLANG_WARN_OBJC_IMPLICIT_RETAIN_SELF = YES;
				CLANG_WARN_OBJC_LITERAL_CONVERSION = YES;
				CLANG_WARN_OBJC_ROOT_CLASS = YES_ERROR;
				CLANG_WARN_QUOTED_INCLUDE_IN_FRAMEWORK_HEADER = YES;
				CLANG_WARN_RANGE_LOOP_ANALYSIS = YES;
				CLANG_WARN_STRICT_PROTOTYPES = YES;
				CLANG_WARN_SUSPICIOUS_MOVE = YES;
				CLANG_WARN_UNGUARDED_AVAILABILITY = YES_AGGRESSIVE;
				CLANG_WARN_UNREACHABLE_CODE = YES;
				CLANG_WARN__DUPLICATE_METHOD_MATCH = YES;
				COPY_PHASE_STRIP = NO;
				DEBUG_INFORMATION_FORMAT = dwarf;
				ENABLE_STRICT_OBJC_MSGSEND = YES;
				ENABLE_TESTABILITY = YES;
				ENABLE_USER_SCRIPT_SANDBOXING = YES;
				GCC_C_LANGUAGE_STANDARD = gnu17;
				GCC_DYNAMIC_NO_PIC = NO;
				GCC_NO_COMMON_BLOCKS = YES;
				GCC_OPTIMIZATION_LEVEL = 0;
				GCC_PREPROCESSOR_DEFINITIONS = (
					"DEBUG=1",
					"$(inherited)",
				);
				GCC_WARN_64_TO_32_BIT_CONVERSION = YES;
				GCC_WARN_ABOUT_RETURN_TYPE = YES_ERROR;
				GCC_WARN_UNDECLARED_SELECTOR = YES;
				GCC_WARN_UNINITIALIZED_AUTOS = YES_AGGRESSIVE;
				GCC_WARN_UNUSED_FUNCTION = YES;
				GCC_WARN_UNUSED_VARIABLE = YES;
				IPHONEOS_DEPLOYMENT_TARGET = 18.2;
				LOCALIZATION_PREFERS_STRING_CATALOGS = YES;
				MTL_ENABLE_DEBUG_INFO = INCLUDE_SOURCE;
				MTL_FAST_MATH = YES;
				ONLY_ACTIVE_ARCH = YES;
				SDKROOT = iphoneos;
				SWIFT_ACTIVE_COMPILATION_CONDITIONS = "DEBUG $(inherited)";
				SWIFT_OPTIMIZATION_LEVEL = "-Onone";
			};
			name = Debug;
		};
		D8D9042F2D4C47BE00BD6368 /* Release */ = {
			isa = XCBuildConfiguration;
			buildSettings = {
				ALWAYS_SEARCH_USER_PATHS = NO;
				ASSETCATALOG_COMPILER_GENERATE_SWIFT_ASSET_SYMBOL_EXTENSIONS = YES;
				CLANG_ANALYZER_NONNULL = YES;
				CLANG_ANALYZER_NUMBER_OBJECT_CONVERSION = YES_AGGRESSIVE;
				CLANG_CXX_LANGUAGE_STANDARD = "gnu++20";
				CLANG_ENABLE_MODULES = YES;
				CLANG_ENABLE_OBJC_ARC = YES;
				CLANG_ENABLE_OBJC_WEAK = YES;
				CLANG_WARN_BLOCK_CAPTURE_AUTORELEASING = YES;
				CLANG_WARN_BOOL_CONVERSION = YES;
				CLANG_WARN_COMMA = YES;
				CLANG_WARN_CONSTANT_CONVERSION = YES;
				CLANG_WARN_DEPRECATED_OBJC_IMPLEMENTATIONS = YES;
				CLANG_WARN_DIRECT_OBJC_ISA_USAGE = YES_ERROR;
				CLANG_WARN_DOCUMENTATION_COMMENTS = YES;
				CLANG_WARN_EMPTY_BODY = YES;
				CLANG_WARN_ENUM_CONVERSION = YES;
				CLANG_WARN_INFINITE_RECURSION = YES;
				CLANG_WARN_INT_CONVERSION = YES;
				CLANG_WARN_NON_LITERAL_NULL_CONVERSION = YES;
				CLANG_WARN_OBJC_IMPLICIT_RETAIN_SELF = YES;
				CLANG_WARN_OBJC_LITERAL_CONVERSION = YES;
				CLANG_WARN_OBJC_ROOT_CLASS = YES_ERROR;
				CLANG_WARN_QUOTED_INCLUDE_IN_FRAMEWORK_HEADER = YES;
				CLANG_WARN_RANGE_LOOP_ANALYSIS = YES;
				CLANG_WARN_STRICT_PROTOTYPES = YES;
				CLANG_WARN_SUSPICIOUS_MOVE = YES;
				CLANG_WARN_UNGUARDED_AVAILABILITY = YES_AGGRESSIVE;
				CLANG_WARN_UNREACHABLE_CODE = YES;
				CLANG_WARN__DUPLICATE_METHOD_MATCH = YES;
				COPY_PHASE_STRIP = NO;
				DEBUG_INFORMATION_FORMAT = "dwarf-with-dsym";
				ENABLE_NS_ASSERTIONS = NO;
				ENABLE_STRICT_OBJC_MSGSEND = YES;
				ENABLE_USER_SCRIPT_SANDBOXING = YES;
				GCC_C_LANGUAGE_STANDARD = gnu17;
				GCC_NO_COMMON_BLOCKS = YES;
				GCC_WARN_64_TO_32_BIT_CONVERSION = YES;
				GCC_WARN_ABOUT_RETURN_TYPE = YES_ERROR;
				GCC_WARN_UNDECLARED_SELECTOR = YES;
				GCC_WARN_UNINITIALIZED_AUTOS = YES_AGGRESSIVE;
				GCC_WARN_UNUSED_FUNCTION = YES;
				GCC_WARN_UNUSED_VARIABLE = YES;
				IPHONEOS_DEPLOYMENT_TARGET = 18.2;
				LOCALIZATION_PREFERS_STRING_CATALOGS = YES;
				MTL_ENABLE_DEBUG_INFO = NO;
				MTL_FAST_MATH = YES;
				SDKROOT = iphoneos;
				SWIFT_COMPILATION_MODE = wholemodule;
				VALIDATE_PRODUCT = YES;
			};
			name = Release;
		};
		D8D904312D4C47BE00BD6368 /* Debug */ = {
			isa = XCBuildConfiguration;
			buildSettings = {
				ASSETCATALOG_COMPILER_APPICON_NAME = AppIcon;
				ASSETCATALOG_COMPILER_GLOBAL_ACCENT_COLOR_NAME = AccentColor;
				CODE_SIGN_STYLE = Automatic;
				CURRENT_PROJECT_VERSION = 1;
				DEVELOPMENT_ASSET_PATHS = "\"ZeroInteret0.1/Preview Content\"";
				DEVELOPMENT_TEAM = AMK5G62LCR;
				ENABLE_PREVIEWS = YES;
				GENERATE_INFOPLIST_FILE = YES;
				INFOPLIST_KEY_UIApplicationSceneManifest_Generation = YES;
				INFOPLIST_KEY_UIApplicationSupportsIndirectInputEvents = YES;
				INFOPLIST_KEY_UILaunchScreen_Generation = YES;
				INFOPLIST_KEY_UISupportedInterfaceOrientations_iPad = "UIInterfaceOrientationPortrait UIInterfaceOrientationPortraitUpsideDown UIInterfaceOrientationLandscapeLeft UIInterfaceOrientationLandscapeRight";
				INFOPLIST_KEY_UISupportedInterfaceOrientations_iPhone = "UIInterfaceOrientationPortrait UIInterfaceOrientationLandscapeLeft UIInterfaceOrientationLandscapeRight";
				LD_RUNPATH_SEARCH_PATHS = (
					"$(inherited)",
					"@executable_path/Frameworks",
				);
				MARKETING_VERSION = 1.0;
				PRODUCT_BUNDLE_IDENTIFIER = "com.NFC-Project..ZeroInteret0-1";
				PRODUCT_NAME = "$(TARGET_NAME)";
				SWIFT_EMIT_LOC_STRINGS = YES;
				SWIFT_VERSION = 5.0;
				TARGETED_DEVICE_FAMILY = "1,2";
			};
			name = Debug;
		};
		D8D904322D4C47BE00BD6368 /* Release */ = {
			isa = XCBuildConfiguration;
			buildSettings = {
				ASSETCATALOG_COMPILER_APPICON_NAME = AppIcon;
				ASSETCATALOG_COMPILER_GLOBAL_ACCENT_COLOR_NAME = AccentColor;
				CODE_SIGN_STYLE = Automatic;
				CURRENT_PROJECT_VERSION = 1;
				DEVELOPMENT_ASSET_PATHS = "\"ZeroInteret0.1/Preview Content\"";
				DEVELOPMENT_TEAM = AMK5G62LCR;
				ENABLE_PREVIEWS = YES;
				GENERATE_INFOPLIST_FILE = YES;
				INFOPLIST_KEY_UIApplicationSceneManifest_Generation = YES;
				INFOPLIST_KEY_UIApplicationSupportsIndirectInputEvents = YES;
				INFOPLIST_KEY_UILaunchScreen_Generation = YES;
				INFOPLIST_KEY_UISupportedInterfaceOrientations_iPad = "UIInterfaceOrientationPortrait UIInterfaceOrientationPortraitUpsideDown UIInterfaceOrientationLandscapeLeft UIInterfaceOrientationLandscapeRight";
				INFOPLIST_KEY_UISupportedInterfaceOrientations_iPhone = "UIInterfaceOrientationPortrait UIInterfaceOrientationLandscapeLeft UIInterfaceOrientationLandscapeRight";
				LD_RUNPATH_SEARCH_PATHS = (
					"$(inherited)",
					"@executable_path/Frameworks",
				);
				MARKETING_VERSION = 1.0;
				PRODUCT_BUNDLE_IDENTIFIER = "com.NFC-Project..ZeroInteret0-1";
				PRODUCT_NAME = "$(TARGET_NAME)";
				SWIFT_EMIT_LOC_STRINGS = YES;
				SWIFT_VERSION = 5.0;
				TARGETED_DEVICE_FAMILY = "1,2";
			};
			name = Release;
		};
		D8D904342D4C47BE00BD6368 /* Debug */ = {
			isa = XCBuildConfiguration;
			buildSettings = {
				BUNDLE_LOADER = "$(TEST_HOST)";
				CODE_SIGN_STYLE = Automatic;
				CURRENT_PROJECT_VERSION = 1;
				DEVELOPMENT_TEAM = AMK5G62LCR;
				GENERATE_INFOPLIST_FILE = YES;
				IPHONEOS_DEPLOYMENT_TARGET = 18.2;
				MARKETING_VERSION = 1.0;
				PRODUCT_BUNDLE_IDENTIFIER = "com.NFC-Project..ZeroInteret0-1Tests";
				PRODUCT_NAME = "$(TARGET_NAME)";
				SWIFT_EMIT_LOC_STRINGS = NO;
				SWIFT_VERSION = 5.0;
				TARGETED_DEVICE_FAMILY = "1,2";
				TEST_HOST = "$(BUILT_PRODUCTS_DIR)/ZeroInteret0.1.app/$(BUNDLE_EXECUTABLE_FOLDER_PATH)/ZeroInteret0.1";
			};
			name = Debug;
		};
		D8D904352D4C47BE00BD6368 /* Release */ = {
			isa = XCBuildConfiguration;
			buildSettings = {
				BUNDLE_LOADER = "$(TEST_HOST)";
				CODE_SIGN_STYLE = Automatic;
				CURRENT_PROJECT_VERSION = 1;
				DEVELOPMENT_TEAM = AMK5G62LCR;
				GENERATE_INFOPLIST_FILE = YES;
				IPHONEOS_DEPLOYMENT_TARGET = 18.2;
				MARKETING_VERSION = 1.0;
				PRODUCT_BUNDLE_IDENTIFIER = "com.NFC-Project..ZeroInteret0-1Tests";
				PRODUCT_NAME = "$(TARGET_NAME)";
				SWIFT_EMIT_LOC_STRINGS = NO;
				SWIFT_VERSION = 5.0;
				TARGETED_DEVICE_FAMILY = "1,2";
				TEST_HOST = "$(BUILT_PRODUCTS_DIR)/ZeroInteret0.1.app/$(BUNDLE_EXECUTABLE_FOLDER_PATH)/ZeroInteret0.1";
			};
			name = Release;
		};
		D8D904372D4C47BE00BD6368 /* Debug */ = {
			isa = XCBuildConfiguration;
			buildSettings = {
				CODE_SIGN_STYLE = Automatic;
				CURRENT_PROJECT_VERSION = 1;
				DEVELOPMENT_TEAM = AMK5G62LCR;
				GENERATE_INFOPLIST_FILE = YES;
				MARKETING_VERSION = 1.0;
				PRODUCT_BUNDLE_IDENTIFIER = "com.NFC-Project..ZeroInteret0-1UITests";
				PRODUCT_NAME = "$(TARGET_NAME)";
				SWIFT_EMIT_LOC_STRINGS = NO;
				SWIFT_VERSION = 5.0;
				TARGETED_DEVICE_FAMILY = "1,2";
				TEST_TARGET_NAME = ZeroInteret0.1;
			};
			name = Debug;
		};
		D8D904382D4C47BE00BD6368 /* Release */ = {
			isa = XCBuildConfiguration;
			buildSettings = {
				CODE_SIGN_STYLE = Automatic;
				CURRENT_PROJECT_VERSION = 1;
				DEVELOPMENT_TEAM = AMK5G62LCR;
				GENERATE_INFOPLIST_FILE = YES;
				MARKETING_VERSION = 1.0;
				PRODUCT_BUNDLE_IDENTIFIER = "com.NFC-Project..ZeroInteret0-1UITests";
				PRODUCT_NAME = "$(TARGET_NAME)";
				SWIFT_EMIT_LOC_STRINGS = NO;
				SWIFT_VERSION = 5.0;
				TARGETED_DEVICE_FAMILY = "1,2";
				TEST_TARGET_NAME = ZeroInteret0.1;
			};
			name = Release;
		};
/* End XCBuildConfiguration section */

/* Begin XCConfigurationList section */
		D8D904072D4C47BD00BD6368 /* Build configuration list for PBXProject "ZeroInteret0.1" */ = {
			isa = XCConfigurationList;
			buildConfigurations = (
				D8D9042E2D4C47BE00BD6368 /* Debug */,
				D8D9042F2D4C47BE00BD6368 /* Release */,
			);
			defaultConfigurationIsVisible = 0;
			defaultConfigurationName = Release;
		};
		D8D904302D4C47BE00BD6368 /* Build configuration list for PBXNativeTarget "ZeroInteret0.1" */ = {
			isa = XCConfigurationList;
			buildConfigurations = (
				D8D904312D4C47BE00BD6368 /* Debug */,
				D8D904322D4C47BE00BD6368 /* Release */,
			);
			defaultConfigurationIsVisible = 0;
			defaultConfigurationName = Release;
		};
		D8D904332D4C47BE00BD6368 /* Build configuration list for PBXNativeTarget "ZeroInteret0.1Tests" */ = {
			isa = XCConfigurationList;
			buildConfigurations = (
				D8D904342D4C47BE00BD6368 /* Debug */,
				D8D904352D4C47BE00BD6368 /* Release */,
			);
			defaultConfigurationIsVisible = 0;
			defaultConfigurationName = Release;
		};
		D8D904362D4C47BE00BD6368 /* Build configuration list for PBXNativeTarget "ZeroInteret0.1UITests" */ = {
			isa = XCConfigurationList;
			buildConfigurations = (
				D8D904372D4C47BE00BD6368 /* Debug */,
				D8D904382D4C47BE00BD6368 /* Release */,
			);
			defaultConfigurationIsVisible = 0;
			defaultConfigurationName = Release;
		};
/* End XCConfigurationList section */

/* Begin XCRemoteSwiftPackageReference section */
		D859CA982D53D4D4007A2FFC /* XCRemoteSwiftPackageReference "ObjectivePGP" */ = {
			isa = XCRemoteSwiftPackageReference;
			repositoryURL = "https://github.com/krzyzanowskim/ObjectivePGP.git";
			requirement = {
				kind = upToNextMajorVersion;
				minimumVersion = 1.0.0;
			};
		};
		D8D9043F2D4C50C400BD6368 /* XCRemoteSwiftPackageReference "supabase-swift" */ = {
			isa = XCRemoteSwiftPackageReference;
			repositoryURL = "https://github.com/supabase-community/supabase-swift.git";
			requirement = {
				kind = upToNextMajorVersion;
				minimumVersion = 2.5.1;
			};
		};
/* End XCRemoteSwiftPackageReference section */

/* Begin XCSwiftPackageProductDependency section */
		D859CA992D53D4D4007A2FFC /* ObjectivePGP */ = {
			isa = XCSwiftPackageProductDependency;
			package = D859CA982D53D4D4007A2FFC /* XCRemoteSwiftPackageReference "ObjectivePGP" */;
			productName = ObjectivePGP;
		};
		D8D904402D4C50C400BD6368 /* Auth */ = {
			isa = XCSwiftPackageProductDependency;
			package = D8D9043F2D4C50C400BD6368 /* XCRemoteSwiftPackageReference "supabase-swift" */;
			productName = Auth;
		};
		D8D904422D4C50C500BD6368 /* Functions */ = {
			isa = XCSwiftPackageProductDependency;
			package = D8D9043F2D4C50C400BD6368 /* XCRemoteSwiftPackageReference "supabase-swift" */;
			productName = Functions;
		};
		D8D904442D4C50C500BD6368 /* PostgREST */ = {
			isa = XCSwiftPackageProductDependency;
			package = D8D9043F2D4C50C400BD6368 /* XCRemoteSwiftPackageReference "supabase-swift" */;
			productName = PostgREST;
		};
		D8D904462D4C50C500BD6368 /* Realtime */ = {
			isa = XCSwiftPackageProductDependency;
			package = D8D9043F2D4C50C400BD6368 /* XCRemoteSwiftPackageReference "supabase-swift" */;
			productName = Realtime;
		};
		D8D904482D4C50C500BD6368 /* Storage */ = {
			isa = XCSwiftPackageProductDependency;
			package = D8D9043F2D4C50C400BD6368 /* XCRemoteSwiftPackageReference "supabase-swift" */;
			productName = Storage;
		};
		D8D9044A2D4C51F700BD6368 /* Supabase */ = {
			isa = XCSwiftPackageProductDependency;
			package = D8D9043F2D4C50C400BD6368 /* XCRemoteSwiftPackageReference "supabase-swift" */;
			productName = Supabase;
		};
/* End XCSwiftPackageProductDependency section */
	};
	rootObject = D8D904042D4C47BD00BD6368 /* Project object */;
}
